
Microsoft Visual Studio Solution File, Format Version 12.00
# Visual Studio Version 17
VisualStudioVersion = 17.0.31903.59
MinimumVisualStudioVersion = 10.0.40219.1
Project("{FAE04EC0-301F-11D3-BF4B-00C04F79EFBC}") = "PluginRight.Core", "PluginRight.Core\PluginRight.Core.csproj", "{3A475F62-0A7D-4325-BEDA-B8B3A1B0A19F}"
EndProject
Project("{FAE04EC0-301F-11D3-BF4B-00C04F79EFBC}") = "PluginRight.Tests", "PluginRight.Tests\PluginRight.Tests.csproj", "{EAF58652-F0C1-4879-AAEE-CD5C21A719E3}"
EndProject
Project("{2150E333-8FDC-42A3-9474-1A3956D46DE8}") = "Solution Items", "Solution Items", "{8EC462FD-D22E-90A8-E5CE-7E832BA40C5D}"
	ProjectSection(SolutionItems) = preProject
		global.json = global.json
		..\GEMINI.md = ..\GEMINI.md
		..\README.md = ..\README.md
		..\TODO.md = ..\TODO.md
	EndProjectSection
EndProject
Global
	GlobalSection(SolutionConfigurationPlatforms) = preSolution
		Debug|Any CPU = Debug|Any CPU
		Release|Any CPU = Release|Any CPU
	EndGlobalSection
	GlobalSection(ProjectConfigurationPlatforms) = postSolution
		{3A475F62-0A7D-4325-BEDA-B8B3A1B0A19F}.Debug|Any CPU.ActiveCfg = Debug|Any CPU
		{3A475F62-0A7D-4325-BEDA-B8B3A1B0A19F}.Debug|Any CPU.Build.0 = Debug|Any CPU
		{3A475F62-0A7D-4325-BEDA-B8B3A1B0A19F}.Release|Any CPU.ActiveCfg = Release|Any CPU
		{3A475F62-0A7D-4325-BEDA-B8B3A1B0A19F}.Release|Any CPU.Build.0 = Release|Any CPU
		{EAF58652-F0C1-4879-AAEE-CD5C21A719E3}.Debug|Any CPU.ActiveCfg = Debug|Any CPU
		{EAF58652-F0C1-4879-AAEE-CD5C21A719E3}.Debug|Any CPU.Build.0 = Debug|Any CPU
		{EAF58652-F0C1-4879-AAEE-CD5C21A719E3}.Release|Any CPU.ActiveCfg = Release|Any CPU
		{EAF58652-F0C1-4879-AAEE-CD5C21A719E3}.Release|Any CPU.Build.0 = Release|Any CPU
	EndGlobalSection
	GlobalSection(SolutionProperties) = preSolution
		HideSolutionNode = FALSE
	EndGlobalSection
	GlobalSection(ExtensibilityGlobals) = postSolution
		SolutionGuid = {0C4F9441-7BE9-445F-81F5-774A4541FBD5}
	EndGlobalSection
EndGlobal
